// !$*UTF8*$!
{
	archiveVersion = 1;
	classes = {
	};
	objectVersion = 46;
	objects = {

/* Begin PBXBuildFile section */
		EC5F7DEA1C1BFF4B00E0F7E9 /* main.m in Sources */ = {isa = PBXBuildFile; fileRef = EC5F7DE91C1BFF4B00E0F7E9 /* main.m */; };
		EC5F7DED1C1BFF4B00E0F7E9 /* AppDelegate.m in Sources */ = {isa = PBXBuildFile; fileRef = EC5F7DEC1C1BFF4B00E0F7E9 /* AppDelegate.m */; };
		EC5F7DF01C1BFF4B00E0F7E9 /* ViewController.m in Sources */ = {isa = PBXBuildFile; fileRef = EC5F7DEF1C1BFF4B00E0F7E9 /* ViewController.m */; };
		EC5F7DF31C1BFF4B00E0F7E9 /* Main.storyboard in Resources */ = {isa = PBXBuildFile; fileRef = EC5F7DF11C1BFF4B00E0F7E9 /* Main.storyboard */; };
		EC5F7DF51C1BFF4B00E0F7E9 /* Assets.xcassets in Resources */ = {isa = PBXBuildFile; fileRef = EC5F7DF41C1BFF4B00E0F7E9 /* Assets.xcassets */; };
		EC5F7DF81C1BFF4B00E0F7E9 /* LaunchScreen.storyboard in Resources */ = {isa = PBXBuildFile; fileRef = EC5F7DF61C1BFF4B00E0F7E9 /* LaunchScreen.storyboard */; };
		EC5F7E031C1BFF4B00E0F7E9 /* _3_githubTests.m in Sources */ = {isa = PBXBuildFile; fileRef = EC5F7E021C1BFF4B00E0F7E9 /* _3_githubTests.m */; };
		EC5F7E0E1C1BFF4B00E0F7E9 /* _3_githubUITests.m in Sources */ = {isa = PBXBuildFile; fileRef = EC5F7E0D1C1BFF4B00E0F7E9 /* _3_githubUITests.m */; };
/* End PBXBuildFile section */

/* Begin PBXContainerItemProxy section */
		EC5F7DFF1C1BFF4B00E0F7E9 /* PBXContainerItemProxy */ = {
			isa = PBXContainerItemProxy;
			containerPortal = EC5F7DDD1C1BFF4B00E0F7E9 /* Project object */;
			proxyType = 1;
			remoteGlobalIDString = EC5F7DE41C1BFF4B00E0F7E9;
			remoteInfo = "03-github";
		};
		EC5F7E0A1C1BFF4B00E0F7E9 /* PBXContainerItemProxy */ = {
			isa = PBXContainerItemProxy;
			containerPortal = EC5F7DDD1C1BFF4B00E0F7E9 /* Project object */;
			proxyType = 1;
			remoteGlobalIDString = EC5F7DE41C1BFF4B00E0F7E9;
			remoteInfo = "03-github";
		};
/* End PBXContainerItemProxy section */

/* Begin PBXFileReference section */
		EC5F7DE51C1BFF4B00E0F7E9 /* 03-github.app */ = {isa = PBXFileReference; explicitFileType = wrapper.application; includeInIndex = 0; path = "03-github.app"; sourceTree = BUILT_PRODUCTS_DIR; };
		EC5F7DE91C1BFF4B00E0F7E9 /* main.m */ = {isa = PBXFileReference; lastKnownFileType = sourcecode.c.objc; path = main.m; sourceTree = "<group>"; };
		EC5F7DEB1C1BFF4B00E0F7E9 /* AppDelegate.h */ = {isa = PBXFileReference; lastKnownFileType = sourcecode.c.h; path = AppDelegate.h; sourceTree = "<group>"; };
		EC5F7DEC1C1BFF4B00E0F7E9 /* AppDelegate.m */ = {isa = PBXFileReference; lastKnownFileType = sourcecode.c.objc; path = AppDelegate.m; sourceTree = "<group>"; };
		EC5F7DEE1C1BFF4B00E0F7E9 /* ViewController.h */ = {isa = PBXFileReference; lastKnownFileType = sourcecode.c.h; path = ViewController.h; sourceTree = "<group>"; };
		EC5F7DEF1C1BFF4B00E0F7E9 /* ViewController.m */ = {isa = PBXFileReference; lastKnownFileType = sourcecode.c.objc; path = ViewController.m; sourceTree = "<group>"; };
		EC5F7DF21C1BFF4B00E0F7E9 /* Base */ = {isa = PBXFileReference; lastKnownFileType = file.storyboard; name = Base; path = Base.lproj/Main.storyboard; sourceTree = "<group>"; };
		EC5F7DF41C1BFF4B00E0F7E9 /* Assets.xcassets */ = {isa = PBXFileReference; lastKnownFileType = folder.assetcatalog; path = Assets.xcassets; sourceTree = "<group>"; };
		EC5F7DF71C1BFF4B00E0F7E9 /* Base */ = {isa = PBXFileReference; lastKnownFileType = file.storyboard; name = Base; path = Base.lproj/LaunchScreen.storyboard; sourceTree = "<group>"; };
		EC5F7DF91C1BFF4B00E0F7E9 /* Info.plist */ = {isa = PBXFileReference; lastKnownFileType = text.plist.xml; path = Info.plist; sourceTree = "<group>"; };
		EC5F7DFE1C1BFF4B00E0F7E9 /* 03-githubTests.xctest */ = {isa = PBXFileReference; explicitFileType = wrapper.cfbundle; includeInIndex = 0; path = "03-githubTests.xctest"; sourceTree = BUILT_PRODUCTS_DIR; };
		EC5F7E021C1BFF4B00E0F7E9 /* _3_githubTests.m */ = {isa = PBXFileReference; lastKnownFileType = sourcecode.c.objc; path = _3_githubTests.m; sourceTree = "<group>"; };
		EC5F7E041C1BFF4B00E0F7E9 /* Info.plist */ = {isa = PBXFileReference; lastKnownFileType = text.plist.xml; path = Info.plist; sourceTree = "<group>"; };
		EC5F7E091C1BFF4B00E0F7E9 /* 03-githubUITests.xctest */ = {isa = PBXFileReference; explicitFileType = wrapper.cfbundle; includeInIndex = 0; path = "03-githubUITests.xctest"; sourceTree = BUILT_PRODUCTS_DIR; };
		EC5F7E0D1C1BFF4B00E0F7E9 /* _3_githubUITests.m */ = {isa = PBXFileReference; lastKnownFileType = sourcecode.c.objc; path = _3_githubUITests.m; sourceTree = "<group>"; };
		EC5F7E0F1C1BFF4B00E0F7E9 /* Info.plist */ = {isa = PBXFileReference; lastKnownFileType = text.plist.xml; path = Info.plist; sourceTree = "<group>"; };
/* End PBXFileReference section */

/* Begin PBXFrameworksBuildPhase section */
		EC5F7DE21C1BFF4B00E0F7E9 /* Frameworks */ = {
			isa = PBXFrameworksBuildPhase;
			buildActionMask = 2147483647;
			files = (
			);
			runOnlyForDeploymentPostprocessing = 0;
		};
		EC5F7DFB1C1BFF4B00E0F7E9 /* Frameworks */ = {
			isa = PBXFrameworksBuildPhase;
			buildActionMask = 2147483647;
			files = (
			);
			runOnlyForDeploymentPostprocessing = 0;
		};
		EC5F7E061C1BFF4B00E0F7E9 /* Frameworks */ = {
			isa = PBXFrameworksBuildPhase;
			buildActionMask = 2147483647;
			files = (
			);
			runOnlyForDeploymentPostprocessing = 0;
		};
/* End PBXFrameworksBuildPhase section */

/* Begin PBXGroup section */
		EC5F7DDC1C1BFF4B00E0F7E9 = {
			isa = PBXGroup;
			children = (
				EC5F7DE71C1BFF4B00E0F7E9 /* 03-github */,
				EC5F7E011C1BFF4B00E0F7E9 /* 03-githubTests */,
				EC5F7E0C1C1BFF4B00E0F7E9 /* 03-githubUITests */,
				EC5F7DE61C1BFF4B00E0F7E9 /* Products */,
			);
			sourceTree = "<group>";
		};
		EC5F7DE61C1BFF4B00E0F7E9 /* Products */ = {
			isa = PBXGroup;
			children = (
				EC5F7DE51C1BFF4B00E0F7E9 /* 03-github.app */,
				EC5F7DFE1C1BFF4B00E0F7E9 /* 03-githubTests.xctest */,
				EC5F7E091C1BFF4B00E0F7E9 /* 03-githubUITests.xctest */,
			);
			name = Products;
			sourceTree = "<group>";
		};
		EC5F7DE71C1BFF4B00E0F7E9 /* 03-github */ = {
			isa = PBXGroup;
			children = (
				EC5F7DEB1C1BFF4B00E0F7E9 /* AppDelegate.h */,
				EC5F7DEC1C1BFF4B00E0F7E9 /* AppDelegate.m */,
				EC5F7DEE1C1BFF4B00E0F7E9 /* ViewController.h */,
				EC5F7DEF1C1BFF4B00E0F7E9 /* ViewController.m */,
				EC5F7DF11C1BFF4B00E0F7E9 /* Main.storyboard */,
				EC5F7DF41C1BFF4B00E0F7E9 /* Assets.xcassets */,
				EC5F7DF61C1BFF4B00E0F7E9 /* LaunchScreen.storyboard */,
				EC5F7DF91C1BFF4B00E0F7E9 /* Info.plist */,
				EC5F7DE81C1BFF4B00E0F7E9 /* Supporting Files */,
			);
			path = "03-github";
			sourceTree = "<group>";
		};
		EC5F7DE81C1BFF4B00E0F7E9 /* Supporting Files */ = {
			isa = PBXGroup;
			children = (
				EC5F7DE91C1BFF4B00E0F7E9 /* main.m */,
			);
			name = "Supporting Files";
			sourceTree = "<group>";
		};
		EC5F7E011C1BFF4B00E0F7E9 /* 03-githubTests */ = {
			isa = PBXGroup;
			children = (
				EC5F7E021C1BFF4B00E0F7E9 /* _3_githubTests.m */,
				EC5F7E041C1BFF4B00E0F7E9 /* Info.plist */,
			);
			path = "03-githubTests";
			sourceTree = "<group>";
		};
		EC5F7E0C1C1BFF4B00E0F7E9 /* 03-githubUITests */ = {
			isa = PBXGroup;
			children = (
				EC5F7E0D1C1BFF4B00E0F7E9 /* _3_githubUITests.m */,
				EC5F7E0F1C1BFF4B00E0F7E9 /* Info.plist */,
			);
			path = "03-githubUITests";
			sourceTree = "<group>";
		};
/* End PBXGroup section */

/* Begin PBXNativeTarget section */
		EC5F7DE41C1BFF4B00E0F7E9 /* 03-github */ = {
			isa = PBXNativeTarget;
			buildConfigurationList = EC5F7E121C1BFF4B00E0F7E9 /* Build configuration list for PBXNativeTarget "03-github" */;
			buildPhases = (
				EC5F7DE11C1BFF4B00E0F7E9 /* Sources */,
				EC5F7DE21C1BFF4B00E0F7E9 /* Frameworks */,
				EC5F7DE31C1BFF4B00E0F7E9 /* Resources */,
			);
			buildRules = (
			);
			dependencies = (
			);
			name = "03-github";
			productName = "03-github";
			productReference = EC5F7DE51C1BFF4B00E0F7E9 /* 03-github.app */;
			productType = "com.apple.product-type.application";
		};
		EC5F7DFD1C1BFF4B00E0F7E9 /* 03-githubTests */ = {
			isa = PBXNativeTarget;
			buildConfigurationList = EC5F7E151C1BFF4B00E0F7E9 /* Build configuration list for PBXNativeTarget "03-githubTests" */;
			buildPhases = (
				EC5F7DFA1C1BFF4B00E0F7E9 /* Sources */,
				EC5F7DFB1C1BFF4B00E0F7E9 /* Frameworks */,
				EC5F7DFC1C1BFF4B00E0F7E9 /* Resources */,
			);
			buildRules = (
			);
			dependencies = (
				EC5F7E001C1BFF4B00E0F7E9 /* PBXTargetDependency */,
			);
			name = "03-githubTests";
			productName = "03-githubTests";
			productReference = EC5F7DFE1C1BFF4B00E0F7E9 /* 03-githubTests.xctest */;
			productType = "com.apple.product-type.bundle.unit-test";
		};
		EC5F7E081C1BFF4B00E0F7E9 /* 03-githubUITests */ = {
			isa = PBXNativeTarget;
			buildConfigurationList = EC5F7E181C1BFF4B00E0F7E9 /* Build configuration list for PBXNativeTarget "03-githubUITests" */;
			buildPhases = (
				EC5F7E051C1BFF4B00E0F7E9 /* Sources */,
				EC5F7E061C1BFF4B00E0F7E9 /* Frameworks */,
				EC5F7E071C1BFF4B00E0F7E9 /* Resources */,
			);
			buildRules = (
			);
			dependencies = (
				EC5F7E0B1C1BFF4B00E0F7E9 /* PBXTargetDependency */,
			);
			name = "03-githubUITests";
			productName = "03-githubUITests";
			productReference = EC5F7E091C1BFF4B00E0F7E9 /* 03-githubUITests.xctest */;
			productType = "com.apple.product-type.bundle.ui-testing";
		};
/* End PBXNativeTarget section */

/* Begin PBXProject section */
		EC5F7DDD1C1BFF4B00E0F7E9 /* Project object */ = {
			isa = PBXProject;
			attributes = {
				LastUpgradeCheck = 0710;
				ORGANIZATIONNAME = liang;
				TargetAttributes = {
					EC5F7DE41C1BFF4B00E0F7E9 = {
						CreatedOnToolsVersion = 7.1.1;
					};
					EC5F7DFD1C1BFF4B00E0F7E9 = {
						CreatedOnToolsVersion = 7.1.1;
						TestTargetID = EC5F7DE41C1BFF4B00E0F7E9;
					};
					EC5F7E081C1BFF4B00E0F7E9 = {
						CreatedOnToolsVersion = 7.1.1;
						TestTargetID = EC5F7DE41C1BFF4B00E0F7E9;
					};
				};
			};
			buildConfigurationList = EC5F7DE01C1BFF4B00E0F7E9 /* Build configuration list for PBXProject "03-github" */;
			compatibilityVersion = "Xcode 3.2";
			developmentRegion = English;
			hasScannedForEncodings = 0;
			knownRegions = (
				en,
				Base,
			);
			mainGroup = EC5F7DDC1C1BFF4B00E0F7E9;
			productRefGroup = EC5F7DE61C1BFF4B00E0F7E9 /* Products */;
			projectDirPath = "";
			projectRoot = "";
			targets = (
				EC5F7DE41C1BFF4B00E0F7E9 /* 03-github */,
				EC5F7DFD1C1BFF4B00E0F7E9 /* 03-githubTests */,
				EC5F7E081C1BFF4B00E0F7E9 /* 03-githubUITests */,
			);
		};
/* End PBXProject section */

/* Begin PBXResourcesBuildPhase section */
		EC5F7DE31C1BFF4B00E0F7E9 /* Resources */ = {
			isa = PBXResourcesBuildPhase;
			buildActionMask = 2147483647;
			files = (
				EC5F7DF81C1BFF4B00E0F7E9 /* LaunchScreen.storyboard in Resources */,
				EC5F7DF51C1BFF4B00E0F7E9 /* Assets.xcassets in Resources */,
				EC5F7DF31C1BFF4B00E0F7E9 /* Main.storyboard in Resources */,
			);
			runOnlyForDeploymentPostprocessing = 0;
		};
		EC5F7DFC1C1BFF4B00E0F7E9 /* Resources */ = {
			isa = PBXResourcesBuildPhase;
			buildActionMask = 2147483647;
			files = (
			);
			runOnlyForDeploymentPostprocessing = 0;
		};
		EC5F7E071C1BFF4B00E0F7E9 /* Resources */ = {
			isa = PBXResourcesBuildPhase;
			buildActionMask = 2147483647;
			files = (
			);
			runOnlyForDeploymentPostprocessing = 0;
		};
/* End PBXResourcesBuildPhase section */

/* Begin PBXSourcesBuildPhase section */
		EC5F7DE11C1BFF4B00E0F7E9 /* Sources */ = {
			isa = PBXSourcesBuildPhase;
			buildActionMask = 2147483647;
			files = (
				EC5F7DF01C1BFF4B00E0F7E9 /* ViewController.m in Sources */,
				EC5F7DED1C1BFF4B00E0F7E9 /* AppDelegate.m in Sources */,
				EC5F7DEA1C1BFF4B00E0F7E9 /* main.m in Sources */,
			);
			runOnlyForDeploymentPostprocessing = 0;
		};
		EC5F7DFA1C1BFF4B00E0F7E9 /* Sources */ = {
			isa = PBXSourcesBuildPhase;
			buildActionMask = 2147483647;
			files = (
				EC5F7E031C1BFF4B00E0F7E9 /* _3_githubTests.m in Sources */,
			);
			runOnlyForDeploymentPostprocessing = 0;
		};
		EC5F7E051C1BFF4B00E0F7E9 /* Sources */ = {
			isa = PBXSourcesBuildPhase;
			buildActionMask = 2147483647;
			files = (
				EC5F7E0E1C1BFF4B00E0F7E9 /* _3_githubUITests.m in Sources */,
			);
			runOnlyForDeploymentPostprocessing = 0;
		};
/* End PBXSourcesBuildPhase section */

/* Begin PBXTargetDependency section */
		EC5F7E001C1BFF4B00E0F7E9 /* PBXTargetDependency */ = {
			isa = PBXTargetDependency;
			target = EC5F7DE41C1BFF4B00E0F7E9 /* 03-github */;
			targetProxy = EC5F7DFF1C1BFF4B00E0F7E9 /* PBXContainerItemProxy */;
		};
		EC5F7E0B1C1BFF4B00E0F7E9 /* PBXTargetDependency */ = {
			isa = PBXTargetDependency;
			target = EC5F7DE41C1BFF4B00E0F7E9 /* 03-github */;
			targetProxy = EC5F7E0A1C1BFF4B00E0F7E9 /* PBXContainerItemProxy */;
		};
/* End PBXTargetDependency section */

/* Begin PBXVariantGroup section */
		EC5F7DF11C1BFF4B00E0F7E9 /* Main.storyboard */ = {
			isa = PBXVariantGroup;
			children = (
				EC5F7DF21C1BFF4B00E0F7E9 /* Base */,
			);
			name = Main.storyboard;
			sourceTree = "<group>";
		};
		EC5F7DF61C1BFF4B00E0F7E9 /* LaunchScreen.storyboard */ = {
			isa = PBXVariantGroup;
			children = (
				EC5F7DF71C1BFF4B00E0F7E9 /* Base */,
			);
			name = LaunchScreen.storyboard;
			sourceTree = "<group>";
		};
/* End PBXVariantGroup section */

/* Begin XCBuildConfiguration section */
		EC5F7E101C1BFF4B00E0F7E9 /* Debug */ = {
			isa = XCBuildConfiguration;
			buildSettings = {
				ALWAYS_SEARCH_USER_PATHS = NO;
				CLANG_CXX_LANGUAGE_STANDARD = "gnu++0x";
				CLANG_CXX_LIBRARY = "libc++";
				CLANG_ENABLE_MODULES = YES;
				CLANG_ENABLE_OBJC_ARC = YES;
				CLANG_WARN_BOOL_CONVERSION = YES;
				CLANG_WARN_CONSTANT_CONVERSION = YES;
				CLANG_WARN_DIRECT_OBJC_ISA_USAGE = YES_ERROR;
				CLANG_WARN_EMPTY_BODY = YES;
				CLANG_WARN_ENUM_CONVERSION = YES;
				CLANG_WARN_INT_CONVERSION = YES;
				CLANG_WARN_OBJC_ROOT_CLASS = YES_ERROR;
				CLANG_WARN_UNREACHABLE_CODE = YES;
				CLANG_WARN__DUPLICATE_METHOD_MATCH = YES;
				"CODE_SIGN_IDENTITY[sdk=iphoneos*]" = "iPhone Developer";
				COPY_PHASE_STRIP = NO;
				DEBUG_INFORMATION_FORMAT = dwarf;
				ENABLE_STRICT_OBJC_MSGSEND = YES;
				ENABLE_TESTABILITY = YES;
				GCC_C_LANGUAGE_STANDARD = gnu99;
				GCC_DYNAMIC_NO_PIC = NO;
				GCC_NO_COMMON_BLOCKS = YES;
				GCC_OPTIMIZATION_LEVEL = 0;
				GCC_PREPROCESSOR_DEFINITIONS = (
					"DEBUG=1",
					"$(inherited)",
				);
				GCC_WARN_64_TO_32_BIT_CONVERSION = YES;
				GCC_WARN_ABOUT_RETURN_TYPE = YES_ERROR;
				GCC_WARN_UNDECLARED_SELECTOR = YES;
				GCC_WARN_UNINITIALIZED_AUTOS = YES_AGGRESSIVE;
				GCC_WARN_UNUSED_FUNCTION = YES;
				GCC_WARN_UNUSED_VARIABLE = YES;
				IPHONEOS_DEPLOYMENT_TARGET = 9.1;
				MTL_ENABLE_DEBUG_INFO = YES;
				ONLY_ACTIVE_ARCH = YES;
				SDKROOT = iphoneos;
			};
			name = Debug;
		};
		EC5F7E111C1BFF4B00E0F7E9 /* Release */ = {
			isa = XCBuildConfiguration;
			buildSettings = {
				ALWAYS_SEARCH_USER_PATHS = NO;
				CLANG_CXX_LANGUAGE_STANDARD = "gnu++0x";
				CLANG_CXX_LIBRARY = "libc++";
				CLANG_ENABLE_MODULES = YES;
				CLANG_ENABLE_OBJC_ARC = YES;
				CLANG_WARN_BOOL_CONVERSION = YES;
				CLANG_WARN_CONSTANT_CONVERSION = YES;
				CLANG_WARN_DIRECT_OBJC_ISA_USAGE = YES_ERROR;
				CLANG_WARN_EMPTY_BODY = YES;
				CLANG_WARN_ENUM_CONVERSION = YES;
				CLANG_WARN_INT_CONVERSION = YES;
				CLANG_WARN_OBJC_ROOT_CLASS = YES_ERROR;
				CLANG_WARN_UNREACHABLE_CODE = YES;
				CLANG_WARN__DUPLICATE_METHOD_MATCH = YES;
				"CODE_SIGN_IDENTITY[sdk=iphoneos*]" = "iPhone Developer";
				COPY_PHASE_STRIP = NO;
				DEBUG_INFORMATION_FORMAT = "dwarf-with-dsym";
				ENABLE_NS_ASSERTIONS = NO;
				ENABLE_STRICT_OBJC_MSGSEND = YES;
				GCC_C_LANGUAGE_STANDARD = gnu99;
				GCC_NO_COMMON_BLOCKS = YES;
				GCC_WARN_64_TO_32_BIT_CONVERSION = YES;
				GCC_WARN_ABOUT_RETURN_TYPE = YES_ERROR;
				GCC_WARN_UNDECLARED_SELECTOR = YES;
				GCC_WARN_UNINITIALIZED_AUTOS = YES_AGGRESSIVE;
				GCC_WARN_UNUSED_FUNCTION = YES;
				GCC_WARN_UNUSED_VARIABLE = YES;
				IPHONEOS_DEPLOYMENT_TARGET = 9.1;
				MTL_ENABLE_DEBUG_INFO = NO;
				SDKROOT = iphoneos;
				VALIDATE_PRODUCT = YES;
			};
			name = Release;
		};
		EC5F7E131C1BFF4B00E0F7E9 /* Debug */ = {
			isa = XCBuildConfiguration;
			buildSettings = {
				ASSETCATALOG_COMPILER_APPICON_NAME = AppIcon;
				INFOPLIST_FILE = "03-github/Info.plist";
				LD_RUNPATH_SEARCH_PATHS = "$(inherited) @executable_path/Frameworks";
				PRODUCT_BUNDLE_IDENTIFIER = "com.520it.-3-github";
				PRODUCT_NAME = "$(TARGET_NAME)";
			};
			name = Debug;
		};
		EC5F7E141C1BFF4B00E0F7E9 /* Release */ = {
			isa = XCBuildConfiguration;
			buildSettings = {
				ASSETCATALOG_COMPILER_APPICON_NAME = AppIcon;
				INFOPLIST_FILE = "03-github/Info.plist";
				LD_RUNPATH_SEARCH_PATHS = "$(inherited) @executable_path/Frameworks";
				PRODUCT_BUNDLE_IDENTIFIER = "com.520it.-3-github";
				PRODUCT_NAME = "$(TARGET_NAME)";
			};
			name = Release;
		};
		EC5F7E161C1BFF4B00E0F7E9 /* Debug */ = {
			isa = XCBuildConfiguration;
			buildSettings = {
				BUNDLE_LOADER = "$(TEST_HOST)";
				INFOPLIST_FILE = "03-githubTests/Info.plist";
				LD_RUNPATH_SEARCH_PATHS = "$(inherited) @executable_path/Frameworks @loader_path/Frameworks";
				PRODUCT_BUNDLE_IDENTIFIER = "com.520it.-3-githubTests";
				PRODUCT_NAME = "$(TARGET_NAME)";
				TEST_HOST = "$(BUILT_PRODUCTS_DIR)/03-github.app/03-github";
			};
			name = Debug;
		};
		EC5F7E171C1BFF4B00E0F7E9 /* Release */ = {
			isa = XCBuildConfiguration;
			buildSettings = {
				BUNDLE_LOADER = "$(TEST_HOST)";
				INFOPLIST_FILE = "03-githubTests/Info.plist";
				LD_RUNPATH_SEARCH_PATHS = "$(inherited) @executable_path/Frameworks @loader_path/Frameworks";
				PRODUCT_BUNDLE_IDENTIFIER = "com.520it.-3-githubTests";
				PRODUCT_NAME = "$(TARGET_NAME)";
				TEST_HOST = "$(BUILT_PRODUCTS_DIR)/03-github.app/03-github";
			};
			name = Release;
		};
		EC5F7E191C1BFF4B00E0F7E9 /* Debug */ = {
			isa = XCBuildConfiguration;
			buildSettings = {
				INFOPLIST_FILE = "03-githubUITests/Info.plist";
				LD_RUNPATH_SEARCH_PATHS = "$(inherited) @executable_path/Frameworks @loader_path/Frameworks";
				PRODUCT_BUNDLE_IDENTIFIER = "com.520it.-3-githubUITests";
				PRODUCT_NAME = "$(TARGET_NAME)";
				TEST_TARGET_NAME = "03-github";
				USES_XCTRUNNER = YES;
			};
			name = Debug;
		};
		EC5F7E1A1C1BFF4B00E0F7E9 /* Release */ = {
			isa = XCBuildConfiguration;
			buildSettings = {
				INFOPLIST_FILE = "03-githubUITests/Info.plist";
				LD_RUNPATH_SEARCH_PATHS = "$(inherited) @executable_path/Frameworks @loader_path/Frameworks";
				PRODUCT_BUNDLE_IDENTIFIER = "com.520it.-3-githubUITests";
				PRODUCT_NAME = "$(TARGET_NAME)";
				TEST_TARGET_NAME = "03-github";
				USES_XCTRUNNER = YES;
			};
			name = Release;
		};
/* End XCBuildConfiguration section */

/* Begin XCConfigurationList section */
		EC5F7DE01C1BFF4B00E0F7E9 /* Build configuration list for PBXProject "03-github" */ = {
			isa = XCConfigurationList;
			buildConfigurations = (
				EC5F7E101C1BFF4B00E0F7E9 /* Debug */,
				EC5F7E111C1BFF4B00E0F7E9 /* Release */,
			);
			defaultConfigurationIsVisible = 0;
			defaultConfigurationName = Release;
		};
		EC5F7E121C1BFF4B00E0F7E9 /* Build configuration list for PBXNativeTarget "03-github" */ = {
			isa = XCConfigurationList;
			buildConfigurations = (
				EC5F7E131C1BFF4B00E0F7E9 /* Debug */,
				EC5F7E141C1BFF4B00E0F7E9 /* Release */,
			);
			defaultConfigurationIsVisible = 0;
		};
		EC5F7E151C1BFF4B00E0F7E9 /* Build configuration list for PBXNativeTarget "03-githubTests" */ = {
			isa = XCConfigurationList;
			buildConfigurations = (
				EC5F7E161C1BFF4B00E0F7E9 /* Debug */,
				EC5F7E171C1BFF4B00E0F7E9 /* Release */,
			);
			defaultConfigurationIsVisible = 0;
		};
		EC5F7E181C1BFF4B00E0F7E9 /* Build configuration list for PBXNativeTarget "03-githubUITests" */ = {
			isa = XCConfigurationList;
			buildConfigurations = (
				EC5F7E191C1BFF4B00E0F7E9 /* Debug */,
				EC5F7E1A1C1BFF4B00E0F7E9 /* Release */,
			);
			defaultConfigurationIsVisible = 0;
		};
/* End XCConfigurationList section */
	};
	rootObject = EC5F7DDD1C1BFF4B00E0F7E9 /* Project object */;
}
